
Microsoft Visual Studio Solution File, Format Version 12.00
# Visual Studio Version 17
VisualStudioVersion = 17.14.36518.9 d17.14
MinimumVisualStudioVersion = 10.0.40219.1
Project("{FAE04EC0-301F-11D3-BF4B-00C04F79EFBC}") = "Oefening1", "Oefening1\Oefening1.csproj", "{4162B16A-4E8B-4A6A-A972-3F048FBF7378}"
EndProject
Project("{FAE04EC0-301F-11D3-BF4B-00C04F79EFBC}") = "Oefening2", "Oefening2\Oefening2.csproj", "{1B3D9230-72CD-4A8C-BC9B-6A1D82DFC6D7}"
EndProject
Project("{FAE04EC0-301F-11D3-BF4B-00C04F79EFBC}") = "Oefening3", "Oefening3\Oefening3.csproj", "{11C2865C-D536-49F8-A2C3-25740FDB7E05}"
EndProject
Global
	GlobalSection(SolutionConfigurationPlatforms) = preSolution
		Debug|Any CPU = Debug|Any CPU
		Release|Any CPU = Release|Any CPU
	EndGlobalSection
	GlobalSection(ProjectConfigurationPlatforms) = postSolution
		{4162B16A-4E8B-4A6A-A972-3F048FBF7378}.Debug|Any CPU.ActiveCfg = Debug|Any CPU
		{4162B16A-4E8B-4A6A-A972-3F048FBF7378}.Debug|Any CPU.Build.0 = Debug|Any CPU
		{4162B16A-4E8B-4A6A-A972-3F048FBF7378}.Release|Any CPU.ActiveCfg = Release|Any CPU
		{4162B16A-4E8B-4A6A-A972-3F048FBF7378}.Release|Any CPU.Build.0 = Release|Any CPU
		{1B3D9230-72CD-4A8C-BC9B-6A1D82DFC6D7}.Debug|Any CPU.ActiveCfg = Debug|Any CPU
		{1B3D9230-72CD-4A8C-BC9B-6A1D82DFC6D7}.Debug|Any CPU.Build.0 = Debug|Any CPU
		{1B3D9230-72CD-4A8C-BC9B-6A1D82DFC6D7}.Release|Any CPU.ActiveCfg = Release|Any CPU
		{1B3D9230-72CD-4A8C-BC9B-6A1D82DFC6D7}.Release|Any CPU.Build.0 = Release|Any CPU
		{11C2865C-D536-49F8-A2C3-25740FDB7E05}.Debug|Any CPU.ActiveCfg = Debug|Any CPU
		{11C2865C-D536-49F8-A2C3-25740FDB7E05}.Debug|Any CPU.Build.0 = Debug|Any CPU
		{11C2865C-D536-49F8-A2C3-25740FDB7E05}.Release|Any CPU.ActiveCfg = Release|Any CPU
		{11C2865C-D536-49F8-A2C3-25740FDB7E05}.Release|Any CPU.Build.0 = Release|Any CPU
	EndGlobalSection
	GlobalSection(SolutionProperties) = preSolution
		HideSolutionNode = FALSE
	EndGlobalSection
	GlobalSection(ExtensibilityGlobals) = postSolution
		SolutionGuid = {60977F76-9323-4449-91D1-89FEEF104C29}
	EndGlobalSection
EndGlobal
